
Microsoft Visual Studio Solution File, Format Version 12.00
# Visual Studio Version 17
VisualStudioVersion = 17.7.34202.233
MinimumVisualStudioVersion = 10.0.40219.1
Project("{FAE04EC0-301F-11D3-BF4B-00C04F79EFBC}") = "CQSDotnet", "src\CQSDotnet\CQSDotnet.csproj", "{B2290327-C775-4E43-AB03-EE45D13CAB8F}"
EndProject
Project("{FAE04EC0-301F-11D3-BF4B-00C04F79EFBC}") = "CQSDotnet.Tests", "tests\CQSDotnet.Tests\CQSDotnet.Tests.csproj", "{D3CE3284-A30F-4CEB-9ECC-7363E5C6C5AB}"
EndProject
Global
	GlobalSection(SolutionConfigurationPlatforms) = preSolution
		Debug|Any CPU = Debug|Any CPU
		Release|Any CPU = Release|Any CPU
	EndGlobalSection
	GlobalSection(ProjectConfigurationPlatforms) = postSolution
		{B2290327-C775-4E43-AB03-EE45D13CAB8F}.Debug|Any CPU.ActiveCfg = Debug|Any CPU
		{B2290327-C775-4E43-AB03-EE45D13CAB8F}.Debug|Any CPU.Build.0 = Debug|Any CPU
		{B2290327-C775-4E43-AB03-EE45D13CAB8F}.Release|Any CPU.ActiveCfg = Release|Any CPU
		{B2290327-C775-4E43-AB03-EE45D13CAB8F}.Release|Any CPU.Build.0 = Release|Any CPU
		{D3CE3284-A30F-4CEB-9ECC-7363E5C6C5AB}.Debug|Any CPU.ActiveCfg = Debug|Any CPU
		{D3CE3284-A30F-4CEB-9ECC-7363E5C6C5AB}.Debug|Any CPU.Build.0 = Debug|Any CPU
		{D3CE3284-A30F-4CEB-9ECC-7363E5C6C5AB}.Release|Any CPU.ActiveCfg = Release|Any CPU
		{D3CE3284-A30F-4CEB-9ECC-7363E5C6C5AB}.Release|Any CPU.Build.0 = Release|Any CPU
	EndGlobalSection
	GlobalSection(SolutionProperties) = preSolution
		HideSolutionNode = FALSE
	EndGlobalSection
	GlobalSection(ExtensibilityGlobals) = postSolution
		SolutionGuid = {E7636991-8E3E-47AE-B67F-0CBA6C02ED8D}
	EndGlobalSection
EndGlobal
